# This file is autogenerated, do not edit; changes may be undone by the next 'dep ensure'.


[[projects]]
  name = "github.com/gogo/googleapis"
  packages = ["google/api"]
  revision = "08a7655d27152912db7aaf4f983275eaf8d128ef"
  version = "v1.0.0"

[[projects]]
  name = "github.com/gogo/protobuf"
  packages = [
    "gogoproto",
    "plugin/compare",
    "plugin/defaultcheck",
    "plugin/description",
    "plugin/embedcheck",
    "plugin/enumstringer",
    "plugin/equal",
    "plugin/face",
    "plugin/gostring",
    "plugin/marshalto",
    "plugin/oneofcheck",
    "plugin/populate",
    "plugin/size",
    "plugin/stringer",
    "plugin/testgen",
    "plugin/union",
    "plugin/unmarshal",
    "proto",
    "protoc-gen-gogo/descriptor",
    "protoc-gen-gogo/generator",
    "protoc-gen-gogo/generator/internal/remap",
    "protoc-gen-gogo/grpc",
    "protoc-gen-gogo/plugin",
    "vanity",
    "vanity/command"
  ]
  revision = "636bf0302bc95575d69441b25a2603156ffdddf1"
  version = "v1.1.1"

[solve-meta]
  analyzer-name = "dep"
  analyzer-version = 1
  inputs-digest = "1283ef4715dbed2b0b68939a3cd3bc77bd79c8a1ec1f39cd36ceee235eb1ff3e"
  solver-name = "gps-cdcl"
  solver-version = 1
